
Microsoft Visual Studio Solution File, Format Version 12.00
# Visual Studio Version 17
VisualStudioVersion = 17.7.34031.279
MinimumVisualStudioVersion = 10.0.40219.1
Project("{8BC9CEB8-8B4A-11D0-8D11-00A0C91BC942}") = "Day 6", "Day 6.vcxproj", "{05249E63-1A9D-46D4-A700-863B15A14DB7}"
EndProject
Global
	GlobalSection(SolutionConfigurationPlatforms) = preSolution
		Debug|x64 = Debug|x64
		Debug|x86 = Debug|x86
		Release|x64 = Release|x64
		Release|x86 = Release|x86
	EndGlobalSection
	GlobalSection(ProjectConfigurationPlatforms) = postSolution
		{05249E63-1A9D-46D4-A700-863B15A14DB7}.Debug|x64.ActiveCfg = Debug|x64
		{05249E63-1A9D-46D4-A700-863B15A14DB7}.Debug|x64.Build.0 = Debug|x64
		{05249E63-1A9D-46D4-A700-863B15A14DB7}.Debug|x86.ActiveCfg = Debug|Win32
		{05249E63-1A9D-46D4-A700-863B15A14DB7}.Debug|x86.Build.0 = Debug|Win32
		{05249E63-1A9D-46D4-A700-863B15A14DB7}.Release|x64.ActiveCfg = Release|x64
		{05249E63-1A9D-46D4-A700-863B15A14DB7}.Release|x64.Build.0 = Release|x64
		{05249E63-1A9D-46D4-A700-863B15A14DB7}.Release|x86.ActiveCfg = Release|Win32
		{05249E63-1A9D-46D4-A700-863B15A14DB7}.Release|x86.Build.0 = Release|Win32
	EndGlobalSection
	GlobalSection(SolutionProperties) = preSolution
		HideSolutionNode = FALSE
	EndGlobalSection
	GlobalSection(ExtensibilityGlobals) = postSolution
		SolutionGuid = {A0FF4201-6DD2-4EE8-993C-78E575CE3581}
	EndGlobalSection
EndGlobal
